
Microsoft Visual Studio Solution File, Format Version 12.00
# Visual Studio 15
VisualStudioVersion = 15.0.27130.2036
MinimumVisualStudioVersion = 10.0.40219.1
Project("{FAE04EC0-301F-11D3-BF4B-00C04F79EFBC}") = "botb", "botb\botb.csproj", "{B850C9D5-03A9-410F-9A34-651779F9E1ED}"
EndProject
Global
	GlobalSection(SolutionConfigurationPlatforms) = preSolution
		Debug|Any CPU = Debug|Any CPU
		Release|Any CPU = Release|Any CPU
	EndGlobalSection
	GlobalSection(ProjectConfigurationPlatforms) = postSolution
		{B850C9D5-03A9-410F-9A34-651779F9E1ED}.Debug|Any CPU.ActiveCfg = Debug|Any CPU
		{B850C9D5-03A9-410F-9A34-651779F9E1ED}.Debug|Any CPU.Build.0 = Debug|Any CPU
		{B850C9D5-03A9-410F-9A34-651779F9E1ED}.Release|Any CPU.ActiveCfg = Release|Any CPU
		{B850C9D5-03A9-410F-9A34-651779F9E1ED}.Release|Any CPU.Build.0 = Release|Any CPU
	EndGlobalSection
	GlobalSection(SolutionProperties) = preSolution
		HideSolutionNode = FALSE
	EndGlobalSection
	GlobalSection(ExtensibilityGlobals) = postSolution
		SolutionGuid = {0AFABA2B-DC29-4EED-935D-3CB17CD11E28}
	EndGlobalSection
EndGlobal
